<?xml version="1.0" encoding="UTF-8" standalone="yes" ?>
<CodeBlocks_project_file>
	<FileVersion major="1" minor="6" />
	<Project>
		<Option title="rtd2660" />
		<Option pch_mode="2" />
		<Option compiler="gcc" />
		<Build>
			<Target title="Release">
				<Option platforms="Unix;" />
				<Option output="rtd2660" prefix_auto="1" extension_auto="1" />
				<Option type="0" />
				<Option compiler="gcc" />
				<Compiler>
					<Add option="-D_CONSOLE" />
				</Compiler>
			</Target>
			<Target title="Debug">
				<Option platforms="Unix;" />
				<Option output="rtd2660" prefix_auto="1" extension_auto="1" />
				<Option type="0" />
				<Option compiler="gcc" />
				<Compiler>
					<Add option="-D_CONSOLE" />
					<Add option="-D_CRT_SECURE_NO_WARNINGS" />
				</Compiler>
			</Target>
		</Build>
		<Unit filename="crc.cpp" />
		<Unit filename="crc.h" />
		<Unit filename="gff.cpp" />
		<Unit filename="gff.h" />
		<Unit filename="i2c.cpp" />
		<Unit filename="i2c.h" />
		<Unit filename="main.cpp" />
		<Extensions>
			<code_completion />
			<debugger />
		</Extensions>
	</Project>
</CodeBlocks_project_file>
